
Microsoft Visual Studio Solution File, Format Version 12.00
# Visual Studio Version 17
VisualStudioVersion = 17.1.32210.238
MinimumVisualStudioVersion = 10.0.40219.1
Project("{FAE04EC0-301F-11D3-BF4B-00C04F79EFBC}") = "POE PART ONE", "POE PART ONE\POE PART ONE.csproj", "{01EFCDCF-94C0-465B-A3FD-471A3455EC53}"
EndProject
Global
	GlobalSection(SolutionConfigurationPlatforms) = preSolution
		Debug|Any CPU = Debug|Any CPU
		Release|Any CPU = Release|Any CPU
	EndGlobalSection
	GlobalSection(ProjectConfigurationPlatforms) = postSolution
		{01EFCDCF-94C0-465B-A3FD-471A3455EC53}.Debug|Any CPU.ActiveCfg = Debug|Any CPU
		{01EFCDCF-94C0-465B-A3FD-471A3455EC53}.Debug|Any CPU.Build.0 = Debug|Any CPU
		{01EFCDCF-94C0-465B-A3FD-471A3455EC53}.Release|Any CPU.ActiveCfg = Release|Any CPU
		{01EFCDCF-94C0-465B-A3FD-471A3455EC53}.Release|Any CPU.Build.0 = Release|Any CPU
	EndGlobalSection
	GlobalSection(SolutionProperties) = preSolution
		HideSolutionNode = FALSE
	EndGlobalSection
	GlobalSection(ExtensibilityGlobals) = postSolution
		SolutionGuid = {DB9DE7C5-5C44-465C-BE3C-592FA83623EE}
	EndGlobalSection
EndGlobal
